// !$*UTF8*$!
{
	archiveVersion = 1;
	classes = {
	};
	objectVersion = 77;
	objects = {

/* Begin PBXBuildFile section */
		DC578A082DC2256F008BD79A /* BorderView.swift in Sources */ = {isa = PBXBuildFile; fileRef = DC578A072DC2256F008BD79A /* BorderView.swift */; };
		DC578A252DC9DAFA008BD79A /* init.swift in Sources */ = {isa = PBXBuildFile; fileRef = DC578A242DC9DAFA008BD79A /* init.swift */; };
		DC578A642DCE011F008BD79A /* HorizontalScrollView.swift in Sources */ = {isa = PBXBuildFile; fileRef = DC578A632DCE011F008BD79A /* HorizontalScrollView.swift */; };
		DC578AC02DD304DB008BD79A /* ViewModifire.swift in Sources */ = {isa = PBXBuildFile; fileRef = DC578ABF2DD304DB008BD79A /* ViewModifire.swift */; };
		DC6B45DD2DB364AB00EAE94F /* closure.swift in Sources */ = {isa = PBXBuildFile; fileRef = DC6B45DC2DB364AB00EAE94F /* closure.swift */; };
		DC6B45DF2DB36FBA00EAE94F /* singleton.swift in Sources */ = {isa = PBXBuildFile; fileRef = DC6B45DE2DB36FB600EAE94F /* singleton.swift */; };
		DC6B45F72DB397CB00EAE94F /* Chip_Api.swift in Sources */ = {isa = PBXBuildFile; fileRef = DC6B45E02DB397CB00EAE94F /* Chip_Api.swift */; };
		DC6B45F82DB397CB00EAE94F /* Chip_LazyVgrid.swift in Sources */ = {isa = PBXBuildFile; fileRef = DC6B45E12DB397CB00EAE94F /* Chip_LazyVgrid.swift */; };
		DC6B45F92DB397CB00EAE94F /* LoopingStack.swift in Sources */ = {isa = PBXBuildFile; fileRef = DC6B45E32DB397CB00EAE94F /* LoopingStack.swift */; };
		DC6B45FA2DB397CB00EAE94F /* PeoleView.swift in Sources */ = {isa = PBXBuildFile; fileRef = DC6B45E62DB397CB00EAE94F /* PeoleView.swift */; };
		DC6B45FB2DB397CB00EAE94F /* AppFeature.swift in Sources */ = {isa = PBXBuildFile; fileRef = DC6B45EA2DB397CB00EAE94F /* AppFeature.swift */; };
		DC6B45FC2DB397CB00EAE94F /* AppView.swift in Sources */ = {isa = PBXBuildFile; fileRef = DC6B45EB2DB397CB00EAE94F /* AppView.swift */; };
		DC6B45FD2DB397CB00EAE94F /* CounterFeature.swift in Sources */ = {isa = PBXBuildFile; fileRef = DC6B45EC2DB397CB00EAE94F /* CounterFeature.swift */; };
		DC6B45FE2DB397CB00EAE94F /* TextRenderer.swift in Sources */ = {isa = PBXBuildFile; fileRef = DC6B45EE2DB397CB00EAE94F /* TextRenderer.swift */; };
		DC6B45FF2DB397CB00EAE94F /* ContentView.swift in Sources */ = {isa = PBXBuildFile; fileRef = DC6B45F12DB397CB00EAE94F /* ContentView.swift */; };
		DC6B46002DB397CB00EAE94F /* DragCircleDate.swift in Sources */ = {isa = PBXBuildFile; fileRef = DC6B45F22DB397CB00EAE94F /* DragCircleDate.swift */; };
		DC6B46012DB397CB00EAE94F /* practice_2025App.swift in Sources */ = {isa = PBXBuildFile; fileRef = DC6B45F52DB397CB00EAE94F /* practice_2025App.swift */; };
		DC6B46022DB397CB00EAE94F /* Preview Assets.xcassets in Resources */ = {isa = PBXBuildFile; fileRef = DC6B45E82DB397CB00EAE94F /* Preview Assets.xcassets */; };
		DC6B46032DB397CB00EAE94F /* Assets.xcassets in Resources */ = {isa = PBXBuildFile; fileRef = DC6B45F02DB397CB00EAE94F /* Assets.xcassets */; };
		DC6B46082DB397F800EAE94F /* ContactsFeature.swift in Sources */ = {isa = PBXBuildFile; fileRef = DC6B46072DB397F800EAE94F /* ContactsFeature.swift */; };
		DC6B460A2DB39B0A00EAE94F /* ContactsView.swift in Sources */ = {isa = PBXBuildFile; fileRef = DC6B46092DB39B0A00EAE94F /* ContactsView.swift */; };
		DC6B460C2DB3A29300EAE94F /* AddContactFeature.swift in Sources */ = {isa = PBXBuildFile; fileRef = DC6B460B2DB3A29200EAE94F /* AddContactFeature.swift */; };
		DC6B460E2DB3A4AD00EAE94F /* AddContactView.swift in Sources */ = {isa = PBXBuildFile; fileRef = DC6B460D2DB3A4AD00EAE94F /* AddContactView.swift */; };
		DC6B46162DB5EF6400EAE94F /* statusLabel.swift in Sources */ = {isa = PBXBuildFile; fileRef = DC6B46152DB5EF6100EAE94F /* statusLabel.swift */; };
		DC6B46672DB746B200EAE94F /* Badge.swift in Sources */ = {isa = PBXBuildFile; fileRef = DC6B46662DB746B200EAE94F /* Badge.swift */; };
		DC6B46692DB8F51600EAE94F /* CloseButton.swift in Sources */ = {isa = PBXBuildFile; fileRef = DC6B46682DB8F51600EAE94F /* CloseButton.swift */; };
		DC6B466B2DB9057900EAE94F /* MyTagView.swift in Sources */ = {isa = PBXBuildFile; fileRef = DC6B466A2DB9057900EAE94F /* MyTagView.swift */; };
		DC6B466D2DB90B0E00EAE94F /* fashion.jpg in Resources */ = {isa = PBXBuildFile; fileRef = DC6B466C2DB90B0E00EAE94F /* fashion.jpg */; };
		DC6DB33A2DAA26AC003EDE0C /* ComposableArchitecture in Frameworks */ = {isa = PBXBuildFile; productRef = DC6DB3392DAA26AC003EDE0C /* ComposableArchitecture */; };
/* End PBXBuildFile section */

/* Begin PBXContainerItemProxy section */
		DC063C942D93D845005807D0 /* PBXContainerItemProxy */ = {
			isa = PBXContainerItemProxy;
			containerPortal = DC063C7A2D93D844005807D0 /* Project object */;
			proxyType = 1;
			remoteGlobalIDString = DC063C812D93D844005807D0;
			remoteInfo = "practice-2025";
		};
		DC063C9E2D93D845005807D0 /* PBXContainerItemProxy */ = {
			isa = PBXContainerItemProxy;
			containerPortal = DC063C7A2D93D844005807D0 /* Project object */;
			proxyType = 1;
			remoteGlobalIDString = DC063C812D93D844005807D0;
			remoteInfo = "practice-2025";
		};
		DCC682A72DACF85500AA78CC /* PBXContainerItemProxy */ = {
			isa = PBXContainerItemProxy;
			containerPortal = DC063C7A2D93D844005807D0 /* Project object */;
			proxyType = 1;
			remoteGlobalIDString = DC063C812D93D844005807D0;
			remoteInfo = "practice-2025";
		};
/* End PBXContainerItemProxy section */

/* Begin PBXFileReference section */
		DC063C822D93D844005807D0 /* practice-2025.app */ = {isa = PBXFileReference; explicitFileType = wrapper.application; includeInIndex = 0; path = "practice-2025.app"; sourceTree = BUILT_PRODUCTS_DIR; };
		DC063C932D93D845005807D0 /* practice-2025Tests.xctest */ = {isa = PBXFileReference; explicitFileType = wrapper.cfbundle; includeInIndex = 0; path = "practice-2025Tests.xctest"; sourceTree = BUILT_PRODUCTS_DIR; };
		DC063C9D2D93D845005807D0 /* practice-2025UITests.xctest */ = {isa = PBXFileReference; explicitFileType = wrapper.cfbundle; includeInIndex = 0; path = "practice-2025UITests.xctest"; sourceTree = BUILT_PRODUCTS_DIR; };
		DC578A072DC2256F008BD79A /* BorderView.swift */ = {isa = PBXFileReference; lastKnownFileType = sourcecode.swift; path = BorderView.swift; sourceTree = "<group>"; };
		DC578A242DC9DAFA008BD79A /* init.swift */ = {isa = PBXFileReference; lastKnownFileType = sourcecode.swift; path = init.swift; sourceTree = "<group>"; };
		DC578A632DCE011F008BD79A /* HorizontalScrollView.swift */ = {isa = PBXFileReference; lastKnownFileType = sourcecode.swift; path = HorizontalScrollView.swift; sourceTree = "<group>"; };
		DC578ABF2DD304DB008BD79A /* ViewModifire.swift */ = {isa = PBXFileReference; lastKnownFileType = sourcecode.swift; path = ViewModifire.swift; sourceTree = "<group>"; };
		DC6B45DC2DB364AB00EAE94F /* closure.swift */ = {isa = PBXFileReference; lastKnownFileType = sourcecode.swift; path = closure.swift; sourceTree = "<group>"; };
		DC6B45DE2DB36FB600EAE94F /* singleton.swift */ = {isa = PBXFileReference; lastKnownFileType = sourcecode.swift; path = singleton.swift; sourceTree = "<group>"; };
		DC6B45E02DB397CB00EAE94F /* Chip_Api.swift */ = {isa = PBXFileReference; lastKnownFileType = sourcecode.swift; path = Chip_Api.swift; sourceTree = "<group>"; };
		DC6B45E12DB397CB00EAE94F /* Chip_LazyVgrid.swift */ = {isa = PBXFileReference; lastKnownFileType = sourcecode.swift; path = Chip_LazyVgrid.swift; sourceTree = "<group>"; };
		DC6B45E32DB397CB00EAE94F /* LoopingStack.swift */ = {isa = PBXFileReference; lastKnownFileType = sourcecode.swift; path = LoopingStack.swift; sourceTree = "<group>"; };
		DC6B45E62DB397CB00EAE94F /* PeoleView.swift */ = {isa = PBXFileReference; lastKnownFileType = sourcecode.swift; path = PeoleView.swift; sourceTree = "<group>"; };
		DC6B45E82DB397CB00EAE94F /* Preview Assets.xcassets */ = {isa = PBXFileReference; lastKnownFileType = folder.assetcatalog; path = "Preview Assets.xcassets"; sourceTree = "<group>"; };
		DC6B45EA2DB397CB00EAE94F /* AppFeature.swift */ = {isa = PBXFileReference; lastKnownFileType = sourcecode.swift; path = AppFeature.swift; sourceTree = "<group>"; };
		DC6B45EB2DB397CB00EAE94F /* AppView.swift */ = {isa = PBXFileReference; lastKnownFileType = sourcecode.swift; path = AppView.swift; sourceTree = "<group>"; };
		DC6B45EC2DB397CB00EAE94F /* CounterFeature.swift */ = {isa = PBXFileReference; lastKnownFileType = sourcecode.swift; path = CounterFeature.swift; sourceTree = "<group>"; };
		DC6B45EE2DB397CB00EAE94F /* TextRenderer.swift */ = {isa = PBXFileReference; lastKnownFileType = sourcecode.swift; path = TextRenderer.swift; sourceTree = "<group>"; };
		DC6B45F02DB397CB00EAE94F /* Assets.xcassets */ = {isa = PBXFileReference; lastKnownFileType = folder.assetcatalog; path = Assets.xcassets; sourceTree = "<group>"; };
		DC6B45F12DB397CB00EAE94F /* ContentView.swift */ = {isa = PBXFileReference; lastKnownFileType = sourcecode.swift; path = ContentView.swift; sourceTree = "<group>"; };
		DC6B45F22DB397CB00EAE94F /* DragCircleDate.swift */ = {isa = PBXFileReference; lastKnownFileType = sourcecode.swift; path = DragCircleDate.swift; sourceTree = "<group>"; };
		DC6B45F32DB397CB00EAE94F /* Info.plist */ = {isa = PBXFileReference; lastKnownFileType = text.plist.xml; path = Info.plist; sourceTree = "<group>"; };
		DC6B45F42DB397CB00EAE94F /* practice_2025.entitlements */ = {isa = PBXFileReference; lastKnownFileType = text.plist.entitlements; path = practice_2025.entitlements; sourceTree = "<group>"; };
		DC6B45F52DB397CB00EAE94F /* practice_2025App.swift */ = {isa = PBXFileReference; lastKnownFileType = sourcecode.swift; path = practice_2025App.swift; sourceTree = "<group>"; };
		DC6B46072DB397F800EAE94F /* ContactsFeature.swift */ = {isa = PBXFileReference; lastKnownFileType = sourcecode.swift; path = ContactsFeature.swift; sourceTree = "<group>"; };
		DC6B46092DB39B0A00EAE94F /* ContactsView.swift */ = {isa = PBXFileReference; lastKnownFileType = sourcecode.swift; path = ContactsView.swift; sourceTree = "<group>"; };
		DC6B460B2DB3A29200EAE94F /* AddContactFeature.swift */ = {isa = PBXFileReference; lastKnownFileType = sourcecode.swift; path = AddContactFeature.swift; sourceTree = "<group>"; };
		DC6B460D2DB3A4AD00EAE94F /* AddContactView.swift */ = {isa = PBXFileReference; lastKnownFileType = sourcecode.swift; path = AddContactView.swift; sourceTree = "<group>"; };
		DC6B46152DB5EF6100EAE94F /* statusLabel.swift */ = {isa = PBXFileReference; lastKnownFileType = sourcecode.swift; path = statusLabel.swift; sourceTree = "<group>"; };
		DC6B46662DB746B200EAE94F /* Badge.swift */ = {isa = PBXFileReference; lastKnownFileType = sourcecode.swift; path = Badge.swift; sourceTree = "<group>"; };
		DC6B46682DB8F51600EAE94F /* CloseButton.swift */ = {isa = PBXFileReference; lastKnownFileType = sourcecode.swift; path = CloseButton.swift; sourceTree = "<group>"; };
		DC6B466A2DB9057900EAE94F /* MyTagView.swift */ = {isa = PBXFileReference; lastKnownFileType = sourcecode.swift; path = MyTagView.swift; sourceTree = "<group>"; };
		DC6B466C2DB90B0E00EAE94F /* fashion.jpg */ = {isa = PBXFileReference; lastKnownFileType = image.jpeg; path = fashion.jpg; sourceTree = "<group>"; };
		DCC682A32DACF85500AA78CC /* AppFeatureTEsts.xctest */ = {isa = PBXFileReference; explicitFileType = wrapper.cfbundle; includeInIndex = 0; path = AppFeatureTEsts.xctest; sourceTree = BUILT_PRODUCTS_DIR; };
/* End PBXFileReference section */

/* Begin PBXFileSystemSynchronizedRootGroup section */
		DC063C962D93D845005807D0 /* practice-2025Tests */ = {
			isa = PBXFileSystemSynchronizedRootGroup;
			path = "practice-2025Tests";
			sourceTree = "<group>";
		};
		DC063CA02D93D845005807D0 /* practice-2025UITests */ = {
			isa = PBXFileSystemSynchronizedRootGroup;
			path = "practice-2025UITests";
			sourceTree = "<group>";
		};
/* End PBXFileSystemSynchronizedRootGroup section */

/* Begin PBXFrameworksBuildPhase section */
		DC063C7F2D93D844005807D0 /* Frameworks */ = {
			isa = PBXFrameworksBuildPhase;
			buildActionMask = 2147483647;
			files = (
				DC6DB33A2DAA26AC003EDE0C /* ComposableArchitecture in Frameworks */,
			);
			runOnlyForDeploymentPostprocessing = 0;
		};
		DC063C902D93D845005807D0 /* Frameworks */ = {
			isa = PBXFrameworksBuildPhase;
			buildActionMask = 2147483647;
			files = (
			);
			runOnlyForDeploymentPostprocessing = 0;
		};
		DC063C9A2D93D845005807D0 /* Frameworks */ = {
			isa = PBXFrameworksBuildPhase;
			buildActionMask = 2147483647;
			files = (
			);
			runOnlyForDeploymentPostprocessing = 0;
		};
		DCC682A02DACF85500AA78CC /* Frameworks */ = {
			isa = PBXFrameworksBuildPhase;
			buildActionMask = 2147483647;
			files = (
			);
			runOnlyForDeploymentPostprocessing = 0;
		};
/* End PBXFrameworksBuildPhase section */

/* Begin PBXGroup section */
		DC063C792D93D844005807D0 = {
			isa = PBXGroup;
			children = (
				DC6B45F62DB397CB00EAE94F /* practice-2025 */,
				DC6B45DB2DB3648500EAE94F /* SwiftFunc */,
				DC063C962D93D845005807D0 /* practice-2025Tests */,
				DC063CA02D93D845005807D0 /* practice-2025UITests */,
				DC6DB3382DAA26AC003EDE0C /* Frameworks */,
				DC063C832D93D844005807D0 /* Products */,
			);
			sourceTree = "<group>";
		};
		DC063C832D93D844005807D0 /* Products */ = {
			isa = PBXGroup;
			children = (
				DC063C822D93D844005807D0 /* practice-2025.app */,
				DC063C932D93D845005807D0 /* practice-2025Tests.xctest */,
				DC063C9D2D93D845005807D0 /* practice-2025UITests.xctest */,
				DCC682A32DACF85500AA78CC /* AppFeatureTEsts.xctest */,
			);
			name = Products;
			sourceTree = "<group>";
		};
		DC578A622DCE0109008BD79A /* ScrollView */ = {
			isa = PBXGroup;
			children = (
				DC578A632DCE011F008BD79A /* HorizontalScrollView.swift */,
				DC578ABF2DD304DB008BD79A /* ViewModifire.swift */,
			);
			path = ScrollView;
			sourceTree = "<group>";
		};
		DC6B45DB2DB3648500EAE94F /* SwiftFunc */ = {
			isa = PBXGroup;
			children = (
				DC6B45DE2DB36FB600EAE94F /* singleton.swift */,
				DC6B45DC2DB364AB00EAE94F /* closure.swift */,
				DC578A242DC9DAFA008BD79A /* init.swift */,
			);
			path = SwiftFunc;
			sourceTree = "<group>";
		};
		DC6B45E22DB397CB00EAE94F /* Chip */ = {
			isa = PBXGroup;
			children = (
				DC6B45E02DB397CB00EAE94F /* Chip_Api.swift */,
				DC6B45E12DB397CB00EAE94F /* Chip_LazyVgrid.swift */,
			);
			path = Chip;
			sourceTree = "<group>";
		};
		DC6B45E42DB397CB00EAE94F /* Helpers */ = {
			isa = PBXGroup;
			children = (
				DC6B45E32DB397CB00EAE94F /* LoopingStack.swift */,
			);
			path = Helpers;
			sourceTree = "<group>";
		};
		DC6B45E52DB397CB00EAE94F /* LoopingCards */ = {
			isa = PBXGroup;
			children = (
				DC6B45E42DB397CB00EAE94F /* Helpers */,
			);
			path = LoopingCards;
			sourceTree = "<group>";
		};
		DC6B45E72DB397CB00EAE94F /* MVVM */ = {
			isa = PBXGroup;
			children = (
				DC6B45E62DB397CB00EAE94F /* PeoleView.swift */,
			);
			path = MVVM;
			sourceTree = "<group>";
		};
		DC6B45E92DB397CB00EAE94F /* Preview Content */ = {
			isa = PBXGroup;
			children = (
				DC6B45E82DB397CB00EAE94F /* Preview Assets.xcassets */,
			);
			path = "Preview Content";
			sourceTree = "<group>";
		};
		DC6B45ED2DB397CB00EAE94F /* TCA */ = {
			isa = PBXGroup;
			children = (
				DC6B45EA2DB397CB00EAE94F /* AppFeature.swift */,
				DC6B45EB2DB397CB00EAE94F /* AppView.swift */,
				DC6B45EC2DB397CB00EAE94F /* CounterFeature.swift */,
			);
			path = TCA;
			sourceTree = "<group>";
		};
		DC6B45EF2DB397CB00EAE94F /* Text */ = {
			isa = PBXGroup;
			children = (
				DC6B466C2DB90B0E00EAE94F /* fashion.jpg */,
				DC6B45EE2DB397CB00EAE94F /* TextRenderer.swift */,
			);
			path = Text;
			sourceTree = "<group>";
		};
		DC6B45F62DB397CB00EAE94F /* practice-2025 */ = {
			isa = PBXGroup;
			children = (
				DC578A622DCE0109008BD79A /* ScrollView */,
				DC6B46252DB743AD00EAE94F /* Status */,
				DC6B46052DB397D200EAE94F /* Contacts */,
				DC6B45E22DB397CB00EAE94F /* Chip */,
				DC6B45E52DB397CB00EAE94F /* LoopingCards */,
				DC6B45E72DB397CB00EAE94F /* MVVM */,
				DC6B45E92DB397CB00EAE94F /* Preview Content */,
				DC6B45ED2DB397CB00EAE94F /* TCA */,
				DC6B45EF2DB397CB00EAE94F /* Text */,
				DC6B45F02DB397CB00EAE94F /* Assets.xcassets */,
				DC6B45F12DB397CB00EAE94F /* ContentView.swift */,
				DC6B45F22DB397CB00EAE94F /* DragCircleDate.swift */,
				DC6B45F32DB397CB00EAE94F /* Info.plist */,
				DC6B45F42DB397CB00EAE94F /* practice_2025.entitlements */,
				DC6B45F52DB397CB00EAE94F /* practice_2025App.swift */,
				DC6B46652DB7465E00EAE94F /* Badge */,
				DC6B466A2DB9057900EAE94F /* MyTagView.swift */,
			);
			path = "practice-2025";
			sourceTree = "<group>";
		};
		DC6B46052DB397D200EAE94F /* Contacts */ = {
			isa = PBXGroup;
			children = (
				DC6B46072DB397F800EAE94F /* ContactsFeature.swift */,
				DC6B46092DB39B0A00EAE94F /* ContactsView.swift */,
				DC6B460B2DB3A29200EAE94F /* AddContactFeature.swift */,
				DC6B460D2DB3A4AD00EAE94F /* AddContactView.swift */,
			);
			path = Contacts;
			sourceTree = "<group>";
		};
		DC6B46252DB743AD00EAE94F /* Status */ = {
			isa = PBXGroup;
			children = (
				DC6B46152DB5EF6100EAE94F /* statusLabel.swift */,
			);
			path = Status;
			sourceTree = "<group>";
		};
		DC6B46652DB7465E00EAE94F /* Badge */ = {
			isa = PBXGroup;
			children = (
				DC6B46662DB746B200EAE94F /* Badge.swift */,
				DC6B46682DB8F51600EAE94F /* CloseButton.swift */,
				DC578A072DC2256F008BD79A /* BorderView.swift */,
			);
			path = Badge;
			sourceTree = "<group>";
		};
		DC6DB3382DAA26AC003EDE0C /* Frameworks */ = {
			isa = PBXGroup;
			children = (
			);
			name = Frameworks;
			sourceTree = "<group>";
		};
/* End PBXGroup section */

/* Begin PBXNativeTarget section */
		DC063C812D93D844005807D0 /* practice-2025 */ = {
			isa = PBXNativeTarget;
			buildConfigurationList = DC063CA72D93D845005807D0 /* Build configuration list for PBXNativeTarget "practice-2025" */;
			buildPhases = (
				DC063C7E2D93D844005807D0 /* Sources */,
				DC063C7F2D93D844005807D0 /* Frameworks */,
				DC063C802D93D844005807D0 /* Resources */,
			);
			buildRules = (
			);
			dependencies = (
			);
			name = "practice-2025";
			packageProductDependencies = (
				DC6DB3392DAA26AC003EDE0C /* ComposableArchitecture */,
			);
			productName = "practice-2025";
			productReference = DC063C822D93D844005807D0 /* practice-2025.app */;
			productType = "com.apple.product-type.application";
		};
		DC063C922D93D845005807D0 /* practice-2025Tests */ = {
			isa = PBXNativeTarget;
			buildConfigurationList = DC063CAA2D93D845005807D0 /* Build configuration list for PBXNativeTarget "practice-2025Tests" */;
			buildPhases = (
				DC063C8F2D93D845005807D0 /* Sources */,
				DC063C902D93D845005807D0 /* Frameworks */,
				DC063C912D93D845005807D0 /* Resources */,
			);
			buildRules = (
			);
			dependencies = (
				DC063C952D93D845005807D0 /* PBXTargetDependency */,
			);
			fileSystemSynchronizedGroups = (
				DC063C962D93D845005807D0 /* practice-2025Tests */,
			);
			name = "practice-2025Tests";
			packageProductDependencies = (
			);
			productName = "practice-2025Tests";
			productReference = DC063C932D93D845005807D0 /* practice-2025Tests.xctest */;
			productType = "com.apple.product-type.bundle.unit-test";
		};
		DC063C9C2D93D845005807D0 /* practice-2025UITests */ = {
			isa = PBXNativeTarget;
			buildConfigurationList = DC063CAD2D93D845005807D0 /* Build configuration list for PBXNativeTarget "practice-2025UITests" */;
			buildPhases = (
				DC063C992D93D845005807D0 /* Sources */,
				DC063C9A2D93D845005807D0 /* Frameworks */,
				DC063C9B2D93D845005807D0 /* Resources */,
			);
			buildRules = (
			);
			dependencies = (
				DC063C9F2D93D845005807D0 /* PBXTargetDependency */,
			);
			fileSystemSynchronizedGroups = (
				DC063CA02D93D845005807D0 /* practice-2025UITests */,
			);
			name = "practice-2025UITests";
			packageProductDependencies = (
			);
			productName = "practice-2025UITests";
			productReference = DC063C9D2D93D845005807D0 /* practice-2025UITests.xctest */;
			productType = "com.apple.product-type.bundle.ui-testing";
		};
		DCC682A22DACF85500AA78CC /* AppFeatureTEsts */ = {
			isa = PBXNativeTarget;
			buildConfigurationList = DCC682A92DACF85500AA78CC /* Build configuration list for PBXNativeTarget "AppFeatureTEsts" */;
			buildPhases = (
				DCC6829F2DACF85500AA78CC /* Sources */,
				DCC682A02DACF85500AA78CC /* Frameworks */,
				DCC682A12DACF85500AA78CC /* Resources */,
			);
			buildRules = (
			);
			dependencies = (
				DCC682A82DACF85500AA78CC /* PBXTargetDependency */,
			);
			name = AppFeatureTEsts;
			packageProductDependencies = (
			);
			productName = AppFeatureTEsts;
			productReference = DCC682A32DACF85500AA78CC /* AppFeatureTEsts.xctest */;
			productType = "com.apple.product-type.bundle.unit-test";
		};
/* End PBXNativeTarget section */

/* Begin PBXProject section */
		DC063C7A2D93D844005807D0 /* Project object */ = {
			isa = PBXProject;
			attributes = {
				BuildIndependentTargetsInParallel = 1;
				LastSwiftUpdateCheck = 1630;
				LastUpgradeCheck = 1620;
				TargetAttributes = {
					DC063C812D93D844005807D0 = {
						CreatedOnToolsVersion = 16.2;
					};
					DC063C922D93D845005807D0 = {
						CreatedOnToolsVersion = 16.2;
						TestTargetID = DC063C812D93D844005807D0;
					};
					DC063C9C2D93D845005807D0 = {
						CreatedOnToolsVersion = 16.2;
						TestTargetID = DC063C812D93D844005807D0;
					};
					DCC682A22DACF85500AA78CC = {
						CreatedOnToolsVersion = 16.3;
						TestTargetID = DC063C812D93D844005807D0;
					};
				};
			};
			buildConfigurationList = DC063C7D2D93D844005807D0 /* Build configuration list for PBXProject "practice-2025" */;
			developmentRegion = en;
			hasScannedForEncodings = 0;
			knownRegions = (
				en,
				Base,
			);
			mainGroup = DC063C792D93D844005807D0;
			minimizedProjectReferenceProxies = 1;
			packageReferences = (
				DC6DB3372DA8F6CF003EDE0C /* XCRemoteSwiftPackageReference "swift-composable-architecture" */,
			);
			preferredProjectObjectVersion = 77;
			productRefGroup = DC063C832D93D844005807D0 /* Products */;
			projectDirPath = "";
			projectRoot = "";
			targets = (
				DC063C812D93D844005807D0 /* practice-2025 */,
				DC063C922D93D845005807D0 /* practice-2025Tests */,
				DC063C9C2D93D845005807D0 /* practice-2025UITests */,
				DCC682A22DACF85500AA78CC /* AppFeatureTEsts */,
			);
		};
/* End PBXProject section */

/* Begin PBXResourcesBuildPhase section */
		DC063C802D93D844005807D0 /* Resources */ = {
			isa = PBXResourcesBuildPhase;
			buildActionMask = 2147483647;
			files = (
				DC6B46022DB397CB00EAE94F /* Preview Assets.xcassets in Resources */,
				DC6B46032DB397CB00EAE94F /* Assets.xcassets in Resources */,
				DC6B466D2DB90B0E00EAE94F /* fashion.jpg in Resources */,
			);
			runOnlyForDeploymentPostprocessing = 0;
		};
		DC063C912D93D845005807D0 /* Resources */ = {
			isa = PBXResourcesBuildPhase;
			buildActionMask = 2147483647;
			files = (
			);
			runOnlyForDeploymentPostprocessing = 0;
		};
		DC063C9B2D93D845005807D0 /* Resources */ = {
			isa = PBXResourcesBuildPhase;
			buildActionMask = 2147483647;
			files = (
			);
			runOnlyForDeploymentPostprocessing = 0;
		};
		DCC682A12DACF85500AA78CC /* Resources */ = {
			isa = PBXResourcesBuildPhase;
			buildActionMask = 2147483647;
			files = (
			);
			runOnlyForDeploymentPostprocessing = 0;
		};
/* End PBXResourcesBuildPhase section */

/* Begin PBXSourcesBuildPhase section */
		DC063C7E2D93D844005807D0 /* Sources */ = {
			isa = PBXSourcesBuildPhase;
			buildActionMask = 2147483647;
			files = (
				DC6B45F72DB397CB00EAE94F /* Chip_Api.swift in Sources */,
				DC578A642DCE011F008BD79A /* HorizontalScrollView.swift in Sources */,
				DC578A252DC9DAFA008BD79A /* init.swift in Sources */,
				DC6B460E2DB3A4AD00EAE94F /* AddContactView.swift in Sources */,
				DC6B45F82DB397CB00EAE94F /* Chip_LazyVgrid.swift in Sources */,
				DC6B45F92DB397CB00EAE94F /* LoopingStack.swift in Sources */,
				DC6B460C2DB3A29300EAE94F /* AddContactFeature.swift in Sources */,
				DC6B460A2DB39B0A00EAE94F /* ContactsView.swift in Sources */,
				DC578A082DC2256F008BD79A /* BorderView.swift in Sources */,
				DC6B45FA2DB397CB00EAE94F /* PeoleView.swift in Sources */,
				DC6B45FB2DB397CB00EAE94F /* AppFeature.swift in Sources */,
				DC6B45FC2DB397CB00EAE94F /* AppView.swift in Sources */,
				DC6B466B2DB9057900EAE94F /* MyTagView.swift in Sources */,
				DC578AC02DD304DB008BD79A /* ViewModifire.swift in Sources */,
				DC6B45FD2DB397CB00EAE94F /* CounterFeature.swift in Sources */,
				DC6B46692DB8F51600EAE94F /* CloseButton.swift in Sources */,
				DC6B45FE2DB397CB00EAE94F /* TextRenderer.swift in Sources */,
				DC6B46672DB746B200EAE94F /* Badge.swift in Sources */,
				DC6B46162DB5EF6400EAE94F /* statusLabel.swift in Sources */,
				DC6B45FF2DB397CB00EAE94F /* ContentView.swift in Sources */,
				DC6B46002DB397CB00EAE94F /* DragCircleDate.swift in Sources */,
				DC6B46012DB397CB00EAE94F /* practice_2025App.swift in Sources */,
				DC6B46082DB397F800EAE94F /* ContactsFeature.swift in Sources */,
				DC6B45DF2DB36FBA00EAE94F /* singleton.swift in Sources */,
				DC6B45DD2DB364AB00EAE94F /* closure.swift in Sources */,
			);
			runOnlyForDeploymentPostprocessing = 0;
		};
		DC063C8F2D93D845005807D0 /* Sources */ = {
			isa = PBXSourcesBuildPhase;
			buildActionMask = 2147483647;
			files = (
			);
			runOnlyForDeploymentPostprocessing = 0;
		};
		DC063C992D93D845005807D0 /* Sources */ = {
			isa = PBXSourcesBuildPhase;
			buildActionMask = 2147483647;
			files = (
			);
			runOnlyForDeploymentPostprocessing = 0;
		};
		DCC6829F2DACF85500AA78CC /* Sources */ = {
			isa = PBXSourcesBuildPhase;
			buildActionMask = 2147483647;
			files = (
			);
			runOnlyForDeploymentPostprocessing = 0;
		};
/* End PBXSourcesBuildPhase section */

/* Begin PBXTargetDependency section */
		DC063C952D93D845005807D0 /* PBXTargetDependency */ = {
			isa = PBXTargetDependency;
			target = DC063C812D93D844005807D0 /* practice-2025 */;
			targetProxy = DC063C942D93D845005807D0 /* PBXContainerItemProxy */;
		};
		DC063C9F2D93D845005807D0 /* PBXTargetDependency */ = {
			isa = PBXTargetDependency;
			target = DC063C812D93D844005807D0 /* practice-2025 */;
			targetProxy = DC063C9E2D93D845005807D0 /* PBXContainerItemProxy */;
		};
		DCC682A82DACF85500AA78CC /* PBXTargetDependency */ = {
			isa = PBXTargetDependency;
			target = DC063C812D93D844005807D0 /* practice-2025 */;
			targetProxy = DCC682A72DACF85500AA78CC /* PBXContainerItemProxy */;
		};
/* End PBXTargetDependency section */

/* Begin XCBuildConfiguration section */
		DC063CA52D93D845005807D0 /* Debug */ = {
			isa = XCBuildConfiguration;
			buildSettings = {
				ALWAYS_SEARCH_USER_PATHS = NO;
				ASSETCATALOG_COMPILER_GENERATE_SWIFT_ASSET_SYMBOL_EXTENSIONS = YES;
				CLANG_ANALYZER_NONNULL = YES;
				CLANG_ANALYZER_NUMBER_OBJECT_CONVERSION = YES_AGGRESSIVE;
				CLANG_CXX_LANGUAGE_STANDARD = "gnu++20";
				CLANG_ENABLE_MODULES = YES;
				CLANG_ENABLE_OBJC_ARC = YES;
				CLANG_ENABLE_OBJC_WEAK = YES;
				CLANG_WARN_BLOCK_CAPTURE_AUTORELEASING = YES;
				CLANG_WARN_BOOL_CONVERSION = YES;
				CLANG_WARN_COMMA = YES;
				CLANG_WARN_CONSTANT_CONVERSION = YES;
				CLANG_WARN_DEPRECATED_OBJC_IMPLEMENTATIONS = YES;
				CLANG_WARN_DIRECT_OBJC_ISA_USAGE = YES_ERROR;
				CLANG_WARN_DOCUMENTATION_COMMENTS = YES;
				CLANG_WARN_EMPTY_BODY = YES;
				CLANG_WARN_ENUM_CONVERSION = YES;
				CLANG_WARN_INFINITE_RECURSION = YES;
				CLANG_WARN_INT_CONVERSION = YES;
				CLANG_WARN_NON_LITERAL_NULL_CONVERSION = YES;
				CLANG_WARN_OBJC_IMPLICIT_RETAIN_SELF = YES;
				CLANG_WARN_OBJC_LITERAL_CONVERSION = YES;
				CLANG_WARN_OBJC_ROOT_CLASS = YES_ERROR;
				CLANG_WARN_QUOTED_INCLUDE_IN_FRAMEWORK_HEADER = YES;
				CLANG_WARN_RANGE_LOOP_ANALYSIS = YES;
				CLANG_WARN_STRICT_PROTOTYPES = YES;
				CLANG_WARN_SUSPICIOUS_MOVE = YES;
				CLANG_WARN_UNGUARDED_AVAILABILITY = YES_AGGRESSIVE;
				CLANG_WARN_UNREACHABLE_CODE = YES;
				CLANG_WARN__DUPLICATE_METHOD_MATCH = YES;
				COPY_PHASE_STRIP = NO;
				DEBUG_INFORMATION_FORMAT = dwarf;
				ENABLE_STRICT_OBJC_MSGSEND = YES;
				ENABLE_TESTABILITY = YES;
				ENABLE_USER_SCRIPT_SANDBOXING = YES;
				GCC_C_LANGUAGE_STANDARD = gnu17;
				GCC_DYNAMIC_NO_PIC = NO;
				GCC_NO_COMMON_BLOCKS = YES;
				GCC_OPTIMIZATION_LEVEL = 0;
				GCC_PREPROCESSOR_DEFINITIONS = (
					"DEBUG=1",
					"$(inherited)",
				);
				GCC_WARN_64_TO_32_BIT_CONVERSION = YES;
				GCC_WARN_ABOUT_RETURN_TYPE = YES_ERROR;
				GCC_WARN_UNDECLARED_SELECTOR = YES;
				GCC_WARN_UNINITIALIZED_AUTOS = YES_AGGRESSIVE;
				GCC_WARN_UNUSED_FUNCTION = YES;
				GCC_WARN_UNUSED_VARIABLE = YES;
				LOCALIZATION_PREFERS_STRING_CATALOGS = YES;
				MTL_ENABLE_DEBUG_INFO = INCLUDE_SOURCE;
				MTL_FAST_MATH = YES;
				ONLY_ACTIVE_ARCH = YES;
				SWIFT_ACTIVE_COMPILATION_CONDITIONS = "DEBUG $(inherited)";
				SWIFT_OPTIMIZATION_LEVEL = "-Onone";
			};
			name = Debug;
		};
		DC063CA62D93D845005807D0 /* Release */ = {
			isa = XCBuildConfiguration;
			buildSettings = {
				ALWAYS_SEARCH_USER_PATHS = NO;
				ASSETCATALOG_COMPILER_GENERATE_SWIFT_ASSET_SYMBOL_EXTENSIONS = YES;
				CLANG_ANALYZER_NONNULL = YES;
				CLANG_ANALYZER_NUMBER_OBJECT_CONVERSION = YES_AGGRESSIVE;
				CLANG_CXX_LANGUAGE_STANDARD = "gnu++20";
				CLANG_ENABLE_MODULES = YES;
				CLANG_ENABLE_OBJC_ARC = YES;
				CLANG_ENABLE_OBJC_WEAK = YES;
				CLANG_WARN_BLOCK_CAPTURE_AUTORELEASING = YES;
				CLANG_WARN_BOOL_CONVERSION = YES;
				CLANG_WARN_COMMA = YES;
				CLANG_WARN_CONSTANT_CONVERSION = YES;
				CLANG_WARN_DEPRECATED_OBJC_IMPLEMENTATIONS = YES;
				CLANG_WARN_DIRECT_OBJC_ISA_USAGE = YES_ERROR;
				CLANG_WARN_DOCUMENTATION_COMMENTS = YES;
				CLANG_WARN_EMPTY_BODY = YES;
				CLANG_WARN_ENUM_CONVERSION = YES;
				CLANG_WARN_INFINITE_RECURSION = YES;
				CLANG_WARN_INT_CONVERSION = YES;
				CLANG_WARN_NON_LITERAL_NULL_CONVERSION = YES;
				CLANG_WARN_OBJC_IMPLICIT_RETAIN_SELF = YES;
				CLANG_WARN_OBJC_LITERAL_CONVERSION = YES;
				CLANG_WARN_OBJC_ROOT_CLASS = YES_ERROR;
				CLANG_WARN_QUOTED_INCLUDE_IN_FRAMEWORK_HEADER = YES;
				CLANG_WARN_RANGE_LOOP_ANALYSIS = YES;
				CLANG_WARN_STRICT_PROTOTYPES = YES;
				CLANG_WARN_SUSPICIOUS_MOVE = YES;
				CLANG_WARN_UNGUARDED_AVAILABILITY = YES_AGGRESSIVE;
				CLANG_WARN_UNREACHABLE_CODE = YES;
				CLANG_WARN__DUPLICATE_METHOD_MATCH = YES;
				COPY_PHASE_STRIP = NO;
				DEBUG_INFORMATION_FORMAT = "dwarf-with-dsym";
				ENABLE_NS_ASSERTIONS = NO;
				ENABLE_STRICT_OBJC_MSGSEND = YES;
				ENABLE_USER_SCRIPT_SANDBOXING = YES;
				GCC_C_LANGUAGE_STANDARD = gnu17;
				GCC_NO_COMMON_BLOCKS = YES;
				GCC_WARN_64_TO_32_BIT_CONVERSION = YES;
				GCC_WARN_ABOUT_RETURN_TYPE = YES_ERROR;
				GCC_WARN_UNDECLARED_SELECTOR = YES;
				GCC_WARN_UNINITIALIZED_AUTOS = YES_AGGRESSIVE;
				GCC_WARN_UNUSED_FUNCTION = YES;
				GCC_WARN_UNUSED_VARIABLE = YES;
				LOCALIZATION_PREFERS_STRING_CATALOGS = YES;
				MTL_ENABLE_DEBUG_INFO = NO;
				MTL_FAST_MATH = YES;
				SWIFT_COMPILATION_MODE = wholemodule;
			};
			name = Release;
		};
		DC063CA82D93D845005807D0 /* Debug */ = {
			isa = XCBuildConfiguration;
			buildSettings = {
				ASSETCATALOG_COMPILER_APPICON_NAME = AppIcon;
				ASSETCATALOG_COMPILER_GLOBAL_ACCENT_COLOR_NAME = AccentColor;
				CODE_SIGN_ENTITLEMENTS = "practice-2025/practice_2025.entitlements";
				CODE_SIGN_STYLE = Automatic;
				CURRENT_PROJECT_VERSION = 1;
				DEVELOPMENT_ASSET_PATHS = "\"practice-2025/Preview Content\"";
				ENABLE_PREVIEWS = YES;
				GENERATE_INFOPLIST_FILE = YES;
				INFOPLIST_FILE = "practice-2025/Info.plist";
				"INFOPLIST_KEY_UIApplicationSceneManifest_Generation[sdk=iphoneos*]" = YES;
				"INFOPLIST_KEY_UIApplicationSceneManifest_Generation[sdk=iphonesimulator*]" = YES;
				"INFOPLIST_KEY_UIApplicationSupportsIndirectInputEvents[sdk=iphoneos*]" = YES;
				"INFOPLIST_KEY_UIApplicationSupportsIndirectInputEvents[sdk=iphonesimulator*]" = YES;
				"INFOPLIST_KEY_UILaunchScreen_Generation[sdk=iphoneos*]" = YES;
				"INFOPLIST_KEY_UILaunchScreen_Generation[sdk=iphonesimulator*]" = YES;
				"INFOPLIST_KEY_UIStatusBarStyle[sdk=iphoneos*]" = UIStatusBarStyleDefault;
				"INFOPLIST_KEY_UIStatusBarStyle[sdk=iphonesimulator*]" = UIStatusBarStyleDefault;
				INFOPLIST_KEY_UISupportedInterfaceOrientations_iPad = "UIInterfaceOrientationPortrait UIInterfaceOrientationPortraitUpsideDown UIInterfaceOrientationLandscapeLeft UIInterfaceOrientationLandscapeRight";
				INFOPLIST_KEY_UISupportedInterfaceOrientations_iPhone = "UIInterfaceOrientationPortrait UIInterfaceOrientationLandscapeLeft UIInterfaceOrientationLandscapeRight";
				IPHONEOS_DEPLOYMENT_TARGET = 18.2;
				LD_RUNPATH_SEARCH_PATHS = "@executable_path/Frameworks";
				"LD_RUNPATH_SEARCH_PATHS[sdk=macosx*]" = "@executable_path/../Frameworks";
				MACOSX_DEPLOYMENT_TARGET = 15.2;
				MARKETING_VERSION = 1.0;
				PRODUCT_BUNDLE_IDENTIFIER = "com.ryotamatsumoto.practice-2025";
				PRODUCT_NAME = "$(TARGET_NAME)";
				SDKROOT = auto;
				SUPPORTED_PLATFORMS = "iphoneos iphonesimulator macosx xros xrsimulator";
				SWIFT_EMIT_LOC_STRINGS = YES;
				SWIFT_VERSION = 5.0;
				TARGETED_DEVICE_FAMILY = "1,2,7";
				XROS_DEPLOYMENT_TARGET = 2.2;
			};
			name = Debug;
		};
		DC063CA92D93D845005807D0 /* Release */ = {
			isa = XCBuildConfiguration;
			buildSettings = {
				ASSETCATALOG_COMPILER_APPICON_NAME = AppIcon;
				ASSETCATALOG_COMPILER_GLOBAL_ACCENT_COLOR_NAME = AccentColor;
				CODE_SIGN_ENTITLEMENTS = "practice-2025/practice_2025.entitlements";
				CODE_SIGN_STYLE = Automatic;
				CURRENT_PROJECT_VERSION = 1;
				DEVELOPMENT_ASSET_PATHS = "\"practice-2025/Preview Content\"";
				ENABLE_PREVIEWS = YES;
				GENERATE_INFOPLIST_FILE = YES;
				INFOPLIST_FILE = "practice-2025/Info.plist";
				"INFOPLIST_KEY_UIApplicationSceneManifest_Generation[sdk=iphoneos*]" = YES;
				"INFOPLIST_KEY_UIApplicationSceneManifest_Generation[sdk=iphonesimulator*]" = YES;
				"INFOPLIST_KEY_UIApplicationSupportsIndirectInputEvents[sdk=iphoneos*]" = YES;
				"INFOPLIST_KEY_UIApplicationSupportsIndirectInputEvents[sdk=iphonesimulator*]" = YES;
				"INFOPLIST_KEY_UILaunchScreen_Generation[sdk=iphoneos*]" = YES;
				"INFOPLIST_KEY_UILaunchScreen_Generation[sdk=iphonesimulator*]" = YES;
				"INFOPLIST_KEY_UIStatusBarStyle[sdk=iphoneos*]" = UIStatusBarStyleDefault;
				"INFOPLIST_KEY_UIStatusBarStyle[sdk=iphonesimulator*]" = UIStatusBarStyleDefault;
				INFOPLIST_KEY_UISupportedInterfaceOrientations_iPad = "UIInterfaceOrientationPortrait UIInterfaceOrientationPortraitUpsideDown UIInterfaceOrientationLandscapeLeft UIInterfaceOrientationLandscapeRight";
				INFOPLIST_KEY_UISupportedInterfaceOrientations_iPhone = "UIInterfaceOrientationPortrait UIInterfaceOrientationLandscapeLeft UIInterfaceOrientationLandscapeRight";
				IPHONEOS_DEPLOYMENT_TARGET = 18.2;
				LD_RUNPATH_SEARCH_PATHS = "@executable_path/Frameworks";
				"LD_RUNPATH_SEARCH_PATHS[sdk=macosx*]" = "@executable_path/../Frameworks";
				MACOSX_DEPLOYMENT_TARGET = 15.2;
				MARKETING_VERSION = 1.0;
				PRODUCT_BUNDLE_IDENTIFIER = "com.ryotamatsumoto.practice-2025";
				PRODUCT_NAME = "$(TARGET_NAME)";
				SDKROOT = auto;
				SUPPORTED_PLATFORMS = "iphoneos iphonesimulator macosx xros xrsimulator";
				SWIFT_EMIT_LOC_STRINGS = YES;
				SWIFT_VERSION = 5.0;
				TARGETED_DEVICE_FAMILY = "1,2,7";
				XROS_DEPLOYMENT_TARGET = 2.2;
			};
			name = Release;
		};
		DC063CAB2D93D845005807D0 /* Debug */ = {
			isa = XCBuildConfiguration;
			buildSettings = {
				BUNDLE_LOADER = "$(TEST_HOST)";
				CODE_SIGN_STYLE = Automatic;
				CURRENT_PROJECT_VERSION = 1;
				GENERATE_INFOPLIST_FILE = YES;
				INFOPLIST_KEY_LSApplicationCategoryType = "";
				IPHONEOS_DEPLOYMENT_TARGET = 18.2;
				MACOSX_DEPLOYMENT_TARGET = 15.2;
				MARKETING_VERSION = 1.0;
				PRODUCT_BUNDLE_IDENTIFIER = "com.ryotamatsumoto.practice-2025Tests";
				PRODUCT_NAME = "$(TARGET_NAME)";
				SDKROOT = auto;
				SUPPORTED_PLATFORMS = "iphoneos iphonesimulator macosx xros xrsimulator";
				SWIFT_EMIT_LOC_STRINGS = NO;
				SWIFT_VERSION = 5.0;
				TARGETED_DEVICE_FAMILY = "1,2,7";
				TEST_HOST = "$(BUILT_PRODUCTS_DIR)/practice-2025.app/$(BUNDLE_EXECUTABLE_FOLDER_PATH)/practice-2025";
				XROS_DEPLOYMENT_TARGET = 2.2;
			};
			name = Debug;
		};
		DC063CAC2D93D845005807D0 /* Release */ = {
			isa = XCBuildConfiguration;
			buildSettings = {
				BUNDLE_LOADER = "$(TEST_HOST)";
				CODE_SIGN_STYLE = Automatic;
				CURRENT_PROJECT_VERSION = 1;
				GENERATE_INFOPLIST_FILE = YES;
				INFOPLIST_KEY_LSApplicationCategoryType = "";
				IPHONEOS_DEPLOYMENT_TARGET = 18.2;
				MACOSX_DEPLOYMENT_TARGET = 15.2;
				MARKETING_VERSION = 1.0;
				PRODUCT_BUNDLE_IDENTIFIER = "com.ryotamatsumoto.practice-2025Tests";
				PRODUCT_NAME = "$(TARGET_NAME)";
				SDKROOT = auto;
				SUPPORTED_PLATFORMS = "iphoneos iphonesimulator macosx xros xrsimulator";
				SWIFT_EMIT_LOC_STRINGS = NO;
				SWIFT_VERSION = 5.0;
				TARGETED_DEVICE_FAMILY = "1,2,7";
				TEST_HOST = "$(BUILT_PRODUCTS_DIR)/practice-2025.app/$(BUNDLE_EXECUTABLE_FOLDER_PATH)/practice-2025";
				XROS_DEPLOYMENT_TARGET = 2.2;
			};
			name = Release;
		};
		DC063CAE2D93D845005807D0 /* Debug */ = {
			isa = XCBuildConfiguration;
			buildSettings = {
				CODE_SIGN_STYLE = Automatic;
				CURRENT_PROJECT_VERSION = 1;
				GENERATE_INFOPLIST_FILE = YES;
				IPHONEOS_DEPLOYMENT_TARGET = 18.2;
				MACOSX_DEPLOYMENT_TARGET = 15.2;
				MARKETING_VERSION = 1.0;
				PRODUCT_BUNDLE_IDENTIFIER = "com.ryotamatsumoto.practice-2025UITests";
				PRODUCT_NAME = "$(TARGET_NAME)";
				SDKROOT = auto;
				SUPPORTED_PLATFORMS = "iphoneos iphonesimulator macosx xros xrsimulator";
				SWIFT_EMIT_LOC_STRINGS = NO;
				SWIFT_VERSION = 5.0;
				TARGETED_DEVICE_FAMILY = "1,2,7";
				TEST_TARGET_NAME = "practice-2025";
				XROS_DEPLOYMENT_TARGET = 2.2;
			};
			name = Debug;
		};
		DC063CAF2D93D845005807D0 /* Release */ = {
			isa = XCBuildConfiguration;
			buildSettings = {
				CODE_SIGN_STYLE = Automatic;
				CURRENT_PROJECT_VERSION = 1;
				GENERATE_INFOPLIST_FILE = YES;
				IPHONEOS_DEPLOYMENT_TARGET = 18.2;
				MACOSX_DEPLOYMENT_TARGET = 15.2;
				MARKETING_VERSION = 1.0;
				PRODUCT_BUNDLE_IDENTIFIER = "com.ryotamatsumoto.practice-2025UITests";
				PRODUCT_NAME = "$(TARGET_NAME)";
				SDKROOT = auto;
				SUPPORTED_PLATFORMS = "iphoneos iphonesimulator macosx xros xrsimulator";
				SWIFT_EMIT_LOC_STRINGS = NO;
				SWIFT_VERSION = 5.0;
				TARGETED_DEVICE_FAMILY = "1,2,7";
				TEST_TARGET_NAME = "practice-2025";
				XROS_DEPLOYMENT_TARGET = 2.2;
			};
			name = Release;
		};
		DCC682AA2DACF85500AA78CC /* Debug */ = {
			isa = XCBuildConfiguration;
			buildSettings = {
				BUNDLE_LOADER = "$(TEST_HOST)";
				CODE_SIGN_STYLE = Automatic;
				CURRENT_PROJECT_VERSION = 1;
				GENERATE_INFOPLIST_FILE = YES;
				IPHONEOS_DEPLOYMENT_TARGET = 18.4;
				MARKETING_VERSION = 1.0;
				PRODUCT_BUNDLE_IDENTIFIER = com.ryotamatsumoto.AppFeatureTEsts;
				PRODUCT_NAME = "$(TARGET_NAME)";
				SDKROOT = iphoneos;
				SWIFT_EMIT_LOC_STRINGS = NO;
				SWIFT_VERSION = 5.0;
				TARGETED_DEVICE_FAMILY = "1,2";
				TEST_HOST = "$(BUILT_PRODUCTS_DIR)/practice-2025.app/$(BUNDLE_EXECUTABLE_FOLDER_PATH)/practice-2025";
			};
			name = Debug;
		};
		DCC682AB2DACF85500AA78CC /* Release */ = {
			isa = XCBuildConfiguration;
			buildSettings = {
				BUNDLE_LOADER = "$(TEST_HOST)";
				CODE_SIGN_STYLE = Automatic;
				CURRENT_PROJECT_VERSION = 1;
				GENERATE_INFOPLIST_FILE = YES;
				IPHONEOS_DEPLOYMENT_TARGET = 18.4;
				MARKETING_VERSION = 1.0;
				PRODUCT_BUNDLE_IDENTIFIER = com.ryotamatsumoto.AppFeatureTEsts;
				PRODUCT_NAME = "$(TARGET_NAME)";
				SDKROOT = iphoneos;
				SWIFT_EMIT_LOC_STRINGS = NO;
				SWIFT_VERSION = 5.0;
				TARGETED_DEVICE_FAMILY = "1,2";
				TEST_HOST = "$(BUILT_PRODUCTS_DIR)/practice-2025.app/$(BUNDLE_EXECUTABLE_FOLDER_PATH)/practice-2025";
				VALIDATE_PRODUCT = YES;
			};
			name = Release;
		};
/* End XCBuildConfiguration section */

/* Begin XCConfigurationList section */
		DC063C7D2D93D844005807D0 /* Build configuration list for PBXProject "practice-2025" */ = {
			isa = XCConfigurationList;
			buildConfigurations = (
				DC063CA52D93D845005807D0 /* Debug */,
				DC063CA62D93D845005807D0 /* Release */,
			);
			defaultConfigurationIsVisible = 0;
			defaultConfigurationName = Release;
		};
		DC063CA72D93D845005807D0 /* Build configuration list for PBXNativeTarget "practice-2025" */ = {
			isa = XCConfigurationList;
			buildConfigurations = (
				DC063CA82D93D845005807D0 /* Debug */,
				DC063CA92D93D845005807D0 /* Release */,
			);
			defaultConfigurationIsVisible = 0;
			defaultConfigurationName = Release;
		};
		DC063CAA2D93D845005807D0 /* Build configuration list for PBXNativeTarget "practice-2025Tests" */ = {
			isa = XCConfigurationList;
			buildConfigurations = (
				DC063CAB2D93D845005807D0 /* Debug */,
				DC063CAC2D93D845005807D0 /* Release */,
			);
			defaultConfigurationIsVisible = 0;
			defaultConfigurationName = Release;
		};
		DC063CAD2D93D845005807D0 /* Build configuration list for PBXNativeTarget "practice-2025UITests" */ = {
			isa = XCConfigurationList;
			buildConfigurations = (
				DC063CAE2D93D845005807D0 /* Debug */,
				DC063CAF2D93D845005807D0 /* Release */,
			);
			defaultConfigurationIsVisible = 0;
			defaultConfigurationName = Release;
		};
		DCC682A92DACF85500AA78CC /* Build configuration list for PBXNativeTarget "AppFeatureTEsts" */ = {
			isa = XCConfigurationList;
			buildConfigurations = (
				DCC682AA2DACF85500AA78CC /* Debug */,
				DCC682AB2DACF85500AA78CC /* Release */,
			);
			defaultConfigurationIsVisible = 0;
			defaultConfigurationName = Release;
		};
/* End XCConfigurationList section */

/* Begin XCRemoteSwiftPackageReference section */
		DC6DB3372DA8F6CF003EDE0C /* XCRemoteSwiftPackageReference "swift-composable-architecture" */ = {
			isa = XCRemoteSwiftPackageReference;
			repositoryURL = "https://github.com/pointfreeco/swift-composable-architecture";
			requirement = {
				kind = upToNextMajorVersion;
				minimumVersion = 1.19.0;
			};
		};
/* End XCRemoteSwiftPackageReference section */

/* Begin XCSwiftPackageProductDependency section */
		DC6DB3392DAA26AC003EDE0C /* ComposableArchitecture */ = {
			isa = XCSwiftPackageProductDependency;
			package = DC6DB3372DA8F6CF003EDE0C /* XCRemoteSwiftPackageReference "swift-composable-architecture" */;
			productName = ComposableArchitecture;
		};
/* End XCSwiftPackageProductDependency section */
	};
	rootObject = DC063C7A2D93D844005807D0 /* Project object */;
}
